<?xml version="1.0" encoding="utf-8"?>
<Project ToolsVersion="4.0" xmlns="http://schemas.microsoft.com/developer/msbuild/2003">
  <ItemGroup>
    <Filter Include="源文件">
      <UniqueIdentifier>{4FC737F1-C7A5-4376-A066-2A32D752A2FF}</UniqueIdentifier>
      <Extensions>cpp;c;cc;cxx;c++;def;odl;idl;hpj;bat;asm;asmx</Extensions>
    </Filter>
    <Filter Include="头文件">
      <UniqueIdentifier>{93995380-89BD-4b04-88EB-625FBE52EBFB}</UniqueIdentifier>
      <Extensions>h;hh;hpp;hxx;h++;hm;inl;inc;ipp;xsd</Extensions>
    </Filter>
    <Filter Include="资源文件">
      <UniqueIdentifier>{67DA6AB6-F800-4c08-8B7A-83BB121AAD01}</UniqueIdentifier>
      <Extensions>rc;ico;cur;bmp;dlg;rc2;rct;bin;rgs;gif;jpg;jpeg;jpe;resx;tiff;tif;png;wav;mfcribbon-ms</Extensions>
    </Filter>
    <Filter Include="通用文件">
      <UniqueIdentifier>{cad1d704-f450-456c-949e-36f602bbefd7}</UniqueIdentifier>
    </Filter>
    <Filter Include="着色器">
      <UniqueIdentifier>{f6ab64c3-b540-42e1-8192-88401655f2e0}</UniqueIdentifier>
    </Filter>
    <Filter Include="特效文件">
      <UniqueIdentifier>{f96a9969-8f6b-42c5-a5e8-bc3e6c806bd5}</UniqueIdentifier>
    </Filter>
    <Filter Include="着色器\BasicEffect">
      <UniqueIdentifier>{2f1a7f36-2b5f-487e-8705-9b6af9211e3f}</UniqueIdentifier>
    </Filter>
    <Filter Include="着色器\DebugEffect">
      <UniqueIdentifier>{7680d7b1-6af6-4be9-93b6-a68249c1d0a2}</UniqueIdentifier>
    </Filter>
    <Filter Include="着色器\SkyEffect">
      <UniqueIdentifier>{ea69e4b7-5b11-4bc5-a829-6027d3d61fb0}</UniqueIdentifier>
    </Filter>
    <Filter Include="着色器\ShadowEffect">
      <UniqueIdentifier>{10cc63be-090d-4dab-a647-49d8aa0183e3}</UniqueIdentifier>
    </Filter>
    <Filter Include="ImGui">
      <UniqueIdentifier>{285fb99b-0b08-4e2c-9941-f453ab7e0071}</UniqueIdentifier>
    </Filter>
  </ItemGroup>
  <ItemGroup>
    <ClInclude Include="Camera.h">
      <Filter>头文件</Filter>
    </ClInclude>
    <ClInclude Include="Collision.h">
      <Filter>头文件</Filter>
    </ClInclude>
    <ClInclude Include="d3dApp.h">
      <Filter>头文件</Filter>
    </ClInclude>
    <ClInclude Include="d3dUtil.h">
      <Filter>头文件</Filter>
    </ClInclude>
    <ClInclude Include="DXTrace.h">
      <Filter>头文件</Filter>
    </ClInclude>
    <ClInclude Include="GameApp.h">
      <Filter>头文件</Filter>
    </ClInclude>
    <ClInclude Include="GameObject.h">
      <Filter>头文件</Filter>
    </ClInclude>
    <ClInclude Include="GameTimer.h">
      <Filter>头文件</Filter>
    </ClInclude>
    <ClInclude Include="Geometry.h">
      <Filter>头文件</Filter>
    </ClInclude>
    <ClInclude Include="LightHelper.h">
      <Filter>头文件</Filter>
    </ClInclude>
    <ClInclude Include="Model.h">
      <Filter>头文件</Filter>
    </ClInclude>
    <ClInclude Include="ObjReader.h">
      <Filter>头文件</Filter>
    </ClInclude>
    <ClInclude Include="RenderStates.h">
      <Filter>头文件</Filter>
    </ClInclude>
    <ClInclude Include="Transform.h">
      <Filter>头文件</Filter>
    </ClInclude>
    <ClInclude Include="Vertex.h">
      <Filter>头文件</Filter>
    </ClInclude>
    <ClInclude Include="DDSTextureLoader.h">
      <Filter>通用文件</Filter>
    </ClInclude>
    <ClInclude Include="ScreenGrab.h">
      <Filter>通用文件</Filter>
    </ClInclude>
    <ClInclude Include="Mouse.h">
      <Filter>通用文件</Filter>
    </ClInclude>
    <ClInclude Include="Keyboard.h">
      <Filter>通用文件</Filter>
    </ClInclude>
    <ClInclude Include="WICTextureLoader.h">
      <Filter>通用文件</Filter>
    </ClInclude>
    <ClInclude Include="EffectHelper.h">
      <Filter>特效文件</Filter>
    </ClInclude>
    <ClInclude Include="Effects.h">
      <Filter>特效文件</Filter>
    </ClInclude>
    <ClInclude Include="SkyRender.h">
      <Filter>特效文件</Filter>
    </ClInclude>
    <ClInclude Include="TextureRender.h">
      <Filter>特效文件</Filter>
    </ClInclude>
    <ClInclude Include="..\..\ImGui\imgui_impl_dx11.h">
      <Filter>ImGui</Filter>
    </ClInclude>
    <ClInclude Include="..\..\ImGui\imgui_impl_win32.h">
      <Filter>ImGui</Filter>
    </ClInclude>
    <ClInclude Include="..\..\ImGui\imgui_internal.h">
      <Filter>ImGui</Filter>
    </ClInclude>
    <ClInclude Include="..\..\ImGui\imstb_rectpack.h">
      <Filter>ImGui</Filter>
    </ClInclude>
    <ClInclude Include="..\..\ImGui\imstb_textedit.h">
      <Filter>ImGui</Filter>
    </ClInclude>
    <ClInclude Include="..\..\ImGui\imstb_truetype.h">
      <Filter>ImGui</Filter>
    </ClInclude>
    <ClInclude Include="..\..\ImGui\imconfig.h">
      <Filter>ImGui</Filter>
    </ClInclude>
    <ClInclude Include="..\..\ImGui\imgui.h">
      <Filter>ImGui</Filter>
    </ClInclude>
  </ItemGroup>
  <ItemGroup>
    <ClCompile Include="Camera.cpp">
      <Filter>源文件</Filter>
    </ClCompile>
    <ClCompile Include="Collision.cpp">
      <Filter>源文件</Filter>
    </ClCompile>
    <ClCompile Include="d3dApp.cpp">
      <Filter>源文件</Filter>
    </ClCompile>
    <ClCompile Include="d3dUtil.cpp">
      <Filter>源文件</Filter>
    </ClCompile>
    <ClCompile Include="DXTrace.cpp">
      <Filter>源文件</Filter>
    </ClCompile>
    <ClCompile Include="GameApp.cpp">
      <Filter>源文件</Filter>
    </ClCompile>
    <ClCompile Include="GameObject.cpp">
      <Filter>源文件</Filter>
    </ClCompile>
    <ClCompile Include="GameTimer.cpp">
      <Filter>源文件</Filter>
    </ClCompile>
    <ClCompile Include="Main.cpp">
      <Filter>源文件</Filter>
    </ClCompile>
    <ClCompile Include="Model.cpp">
      <Filter>源文件</Filter>
    </ClCompile>
    <ClCompile Include="ObjReader.cpp">
      <Filter>源文件</Filter>
    </ClCompile>
    <ClCompile Include="RenderStates.cpp">
      <Filter>源文件</Filter>
    </ClCompile>
    <ClCompile Include="Transform.cpp">
      <Filter>源文件</Filter>
    </ClCompile>
    <ClCompile Include="Vertex.cpp">
      <Filter>源文件</Filter>
    </ClCompile>
    <ClCompile Include="DDSTextureLoader.cpp">
      <Filter>通用文件</Filter>
    </ClCompile>
    <ClCompile Include="WICTextureLoader.cpp">
      <Filter>通用文件</Filter>
    </ClCompile>
    <ClCompile Include="Keyboard.cpp">
      <Filter>通用文件</Filter>
    </ClCompile>
    <ClCompile Include="Mouse.cpp">
      <Filter>通用文件</Filter>
    </ClCompile>
    <ClCompile Include="ScreenGrab.cpp">
      <Filter>通用文件</Filter>
    </ClCompile>
    <ClCompile Include="BasicEffect.cpp">
      <Filter>特效文件</Filter>
    </ClCompile>
    <ClCompile Include="SkyRender.cpp">
      <Filter>特效文件</Filter>
    </ClCompile>
    <ClCompile Include="SkyEffect.cpp">
      <Filter>特效文件</Filter>
    </ClCompile>
    <ClCompile Include="EffectHelper.cpp">
      <Filter>特效文件</Filter>
    </ClCompile>
    <ClCompile Include="ShadowEffect.cpp">
      <Filter>特效文件</Filter>
    </ClCompile>
    <ClCompile Include="DebugEffect.cpp">
      <Filter>特效文件</Filter>
    </ClCompile>
    <ClCompile Include="TextureRender.cpp">
      <Filter>特效文件</Filter>
    </ClCompile>
    <ClCompile Include="..\..\ImGui\imgui_impl_win32.cpp">
      <Filter>ImGui</Filter>
    </ClCompile>
    <ClCompile Include="..\..\ImGui\imgui_tables.cpp">
      <Filter>ImGui</Filter>
    </ClCompile>
    <ClCompile Include="..\..\ImGui\imgui_widgets.cpp">
      <Filter>ImGui</Filter>
    </ClCompile>
    <ClCompile Include="..\..\ImGui\imgui.cpp">
      <Filter>ImGui</Filter>
    </ClCompile>
    <ClCompile Include="..\..\ImGui\imgui_demo.cpp">
      <Filter>ImGui</Filter>
    </ClCompile>
    <ClCompile Include="..\..\ImGui\imgui_draw.cpp">
      <Filter>ImGui</Filter>
    </ClCompile>
    <ClCompile Include="..\..\ImGui\imgui_impl_dx11.cpp">
      <Filter>ImGui</Filter>
    </ClCompile>
  </ItemGroup>
  <ItemGroup>
    <None Include="HLSL\Basic.hlsli">
      <Filter>着色器\BasicEffect</Filter>
    </None>
    <None Include="HLSL\LightHelper.hlsli">
      <Filter>着色器\BasicEffect</Filter>
    </None>
    <None Include="HLSL\DebugTexture.hlsli">
      <Filter>着色器\DebugEffect</Filter>
    </None>
    <None Include="HLSL\Sky.hlsli">
      <Filter>着色器\SkyEffect</Filter>
    </None>
  </ItemGroup>
  <ItemGroup>
    <FxCompile Include="HLSL\Basic_PS.hlsl">
      <Filter>着色器\BasicEffect</Filter>
    </FxCompile>
    <FxCompile Include="HLSL\BasicInstance_VS.hlsl">
      <Filter>着色器\BasicEffect</Filter>
    </FxCompile>
    <FxCompile Include="HLSL\BasicObject_VS.hlsl">
      <Filter>着色器\BasicEffect</Filter>
    </FxCompile>
    <FxCompile Include="HLSL\NormalMap_PS.hlsl">
      <Filter>着色器\BasicEffect</Filter>
    </FxCompile>
    <FxCompile Include="HLSL\NormalMapInstance_VS.hlsl">
      <Filter>着色器\BasicEffect</Filter>
    </FxCompile>
    <FxCompile Include="HLSL\NormalMapObject_VS.hlsl">
      <Filter>着色器\BasicEffect</Filter>
    </FxCompile>
    <FxCompile Include="HLSL\DebugTexture_VS.hlsl">
      <Filter>着色器\DebugEffect</Filter>
    </FxCompile>
    <FxCompile Include="HLSL\DebugTextureOneComp_PS.hlsl">
      <Filter>着色器\DebugEffect</Filter>
    </FxCompile>
    <FxCompile Include="HLSL\DebugTextureOneCompGray_PS.hlsl">
      <Filter>着色器\DebugEffect</Filter>
    </FxCompile>
    <FxCompile Include="HLSL\DebugTextureRGBA_PS.hlsl">
      <Filter>着色器\DebugEffect</Filter>
    </FxCompile>
    <FxCompile Include="HLSL\Sky_PS.hlsl">
      <Filter>着色器\SkyEffect</Filter>
    </FxCompile>
    <FxCompile Include="HLSL\Sky_VS.hlsl">
      <Filter>着色器\SkyEffect</Filter>
    </FxCompile>
    <FxCompile Include="HLSL\Shadow_PS.hlsl">
      <Filter>着色器\ShadowEffect</Filter>
    </FxCompile>
    <FxCompile Include="HLSL\ShadowInstance_VS.hlsl">
      <Filter>着色器\ShadowEffect</Filter>
    </FxCompile>
    <FxCompile Include="HLSL\ShadowObject_VS.hlsl">
      <Filter>着色器\ShadowEffect</Filter>
    </FxCompile>
  </ItemGroup>
</Project>