<?xml version="1.0" encoding="utf-8"?>
<Project ToolsVersion="4.0" xmlns="http://schemas.microsoft.com/developer/msbuild/2003">
  <ItemGroup>
    <Filter Include="源文件">
      <UniqueIdentifier>{4FC737F1-C7A5-4376-A066-2A32D752A2FF}</UniqueIdentifier>
      <Extensions>cpp;c;cc;cxx;def;odl;idl;hpj;bat;asm;asmx</Extensions>
    </Filter>
    <Filter Include="头文件">
      <UniqueIdentifier>{93995380-89BD-4b04-88EB-625FBE52EBFB}</UniqueIdentifier>
      <Extensions>h;hh;hpp;hxx;hm;inl;inc;ipp;xsd</Extensions>
    </Filter>
    <Filter Include="资源文件">
      <UniqueIdentifier>{67DA6AB6-F800-4c08-8B7A-83BB121AAD01}</UniqueIdentifier>
      <Extensions>rc;ico;cur;bmp;dlg;rc2;rct;bin;rgs;gif;jpg;jpeg;jpe;resx;tiff;tif;png;wav;mfcribbon-ms</Extensions>
    </Filter>
    <Filter Include="着色器">
      <UniqueIdentifier>{32dd4720-ab55-48a9-a24a-2eb565640db4}</UniqueIdentifier>
    </Filter>
    <Filter Include="通用文件">
      <UniqueIdentifier>{9a218ebd-bf34-490c-964d-947c0b62198a}</UniqueIdentifier>
    </Filter>
  </ItemGroup>
  <ItemGroup>
    <ClInclude Include="d3dApp.h">
      <Filter>头文件</Filter>
    </ClInclude>
    <ClInclude Include="d3dUtil.h">
      <Filter>头文件</Filter>
    </ClInclude>
    <ClInclude Include="DXTrace.h">
      <Filter>头文件</Filter>
    </ClInclude>
    <ClInclude Include="GameApp.h">
      <Filter>头文件</Filter>
    </ClInclude>
    <ClInclude Include="GameTimer.h">
      <Filter>头文件</Filter>
    </ClInclude>
    <ClInclude Include="DDSTextureLoader.h">
      <Filter>通用文件</Filter>
    </ClInclude>
    <ClInclude Include="Keyboard.h">
      <Filter>通用文件</Filter>
    </ClInclude>
    <ClInclude Include="Mouse.h">
      <Filter>通用文件</Filter>
    </ClInclude>
    <ClInclude Include="ScreenGrab.h">
      <Filter>通用文件</Filter>
    </ClInclude>
    <ClInclude Include="WICTextureLoader.h">
      <Filter>通用文件</Filter>
    </ClInclude>
  </ItemGroup>
  <ItemGroup>
    <ClCompile Include="d3dApp.cpp">
      <Filter>源文件</Filter>
    </ClCompile>
    <ClCompile Include="d3dUtil.cpp">
      <Filter>源文件</Filter>
    </ClCompile>
    <ClCompile Include="DXTrace.cpp">
      <Filter>源文件</Filter>
    </ClCompile>
    <ClCompile Include="GameApp.cpp">
      <Filter>源文件</Filter>
    </ClCompile>
    <ClCompile Include="GameTimer.cpp">
      <Filter>源文件</Filter>
    </ClCompile>
    <ClCompile Include="Main.cpp">
      <Filter>源文件</Filter>
    </ClCompile>
    <ClCompile Include="DDSTextureLoader.cpp">
      <Filter>通用文件</Filter>
    </ClCompile>
    <ClCompile Include="WICTextureLoader.cpp">
      <Filter>通用文件</Filter>
    </ClCompile>
    <ClCompile Include="ScreenGrab.cpp">
      <Filter>通用文件</Filter>
    </ClCompile>
    <ClCompile Include="Mouse.cpp">
      <Filter>通用文件</Filter>
    </ClCompile>
    <ClCompile Include="Keyboard.cpp">
      <Filter>通用文件</Filter>
    </ClCompile>
  </ItemGroup>
  <ItemGroup>
    <FxCompile Include="HLSL\BitonicSort_CS.hlsl">
      <Filter>着色器</Filter>
    </FxCompile>
    <FxCompile Include="HLSL\MatrixTranspose_CS.hlsl">
      <Filter>着色器</Filter>
    </FxCompile>
  </ItemGroup>
  <ItemGroup>
    <None Include="HLSL\BitonicSort.hlsli">
      <Filter>着色器</Filter>
    </None>
  </ItemGroup>
</Project>