<?xml version="1.0" encoding="utf-8"?>
<Project ToolsVersion="4.0" xmlns="http://schemas.microsoft.com/developer/msbuild/2003">
  <ItemGroup>
    <Filter Include="源文件">
      <UniqueIdentifier>{4FC737F1-C7A5-4376-A066-2A32D752A2FF}</UniqueIdentifier>
      <Extensions>cpp;c;cc;cxx;c++;cppm;ixx;def;odl;idl;hpj;bat;asm;asmx</Extensions>
    </Filter>
    <Filter Include="头文件">
      <UniqueIdentifier>{93995380-89BD-4b04-88EB-625FBE52EBFB}</UniqueIdentifier>
      <Extensions>h;hh;hpp;hxx;h++;hm;inl;inc;ipp;xsd</Extensions>
    </Filter>
    <Filter Include="资源文件">
      <UniqueIdentifier>{67DA6AB6-F800-4c08-8B7A-83BB121AAD01}</UniqueIdentifier>
      <Extensions>rc;ico;cur;bmp;dlg;rc2;rct;bin;rgs;gif;jpg;jpeg;jpe;resx;tiff;tif;png;wav;mfcribbon-ms</Extensions>
    </Filter>
    <Filter Include="着色器">
      <UniqueIdentifier>{ef8c6b59-267c-49f3-91a8-0490245a7163}</UniqueIdentifier>
    </Filter>
    <Filter Include="通用文件">
      <UniqueIdentifier>{cca32baf-fa62-4f8c-b502-059644d4be48}</UniqueIdentifier>
    </Filter>
  </ItemGroup>
  <ItemGroup>
    <ClCompile Include="GameApp.cpp">
      <Filter>源文件</Filter>
    </ClCompile>
    <ClCompile Include="Main.cpp">
      <Filter>源文件</Filter>
    </ClCompile>
    <ClCompile Include="SkyboxToneMapEffect.cpp">
      <Filter>源文件</Filter>
    </ClCompile>
    <ClCompile Include="ForwardEffect.cpp">
      <Filter>源文件</Filter>
    </ClCompile>
    <ClCompile Include="..\..\Common\TextureManager.cpp">
      <Filter>通用文件</Filter>
    </ClCompile>
    <ClCompile Include="..\..\Common\Transform.cpp">
      <Filter>通用文件</Filter>
    </ClCompile>
    <ClCompile Include="..\..\Common\Vertex.cpp">
      <Filter>通用文件</Filter>
    </ClCompile>
    <ClCompile Include="..\..\Common\WICTextureLoader.cpp">
      <Filter>通用文件</Filter>
    </ClCompile>
    <ClCompile Include="..\..\Common\Camera.cpp">
      <Filter>通用文件</Filter>
    </ClCompile>
    <ClCompile Include="..\..\Common\CameraController.cpp">
      <Filter>通用文件</Filter>
    </ClCompile>
    <ClCompile Include="..\..\Common\Collision.cpp">
      <Filter>通用文件</Filter>
    </ClCompile>
    <ClCompile Include="..\..\Common\d3dApp.cpp">
      <Filter>通用文件</Filter>
    </ClCompile>
    <ClCompile Include="..\..\Common\DDSTextureLoader.cpp">
      <Filter>通用文件</Filter>
    </ClCompile>
    <ClCompile Include="..\..\Common\DXTrace.cpp">
      <Filter>通用文件</Filter>
    </ClCompile>
    <ClCompile Include="..\..\Common\EffectHelper.cpp">
      <Filter>通用文件</Filter>
    </ClCompile>
    <ClCompile Include="..\..\Common\GameObject.cpp">
      <Filter>通用文件</Filter>
    </ClCompile>
    <ClCompile Include="..\..\Common\GameTimer.cpp">
      <Filter>通用文件</Filter>
    </ClCompile>
    <ClCompile Include="..\..\Common\Geometry.cpp">
      <Filter>通用文件</Filter>
    </ClCompile>
    <ClCompile Include="..\..\Common\RenderStates.cpp">
      <Filter>通用文件</Filter>
    </ClCompile>
    <ClCompile Include="..\..\Common\ScreenGrab.cpp">
      <Filter>通用文件</Filter>
    </ClCompile>
    <ClCompile Include="..\..\Common\stb_image.cpp">
      <Filter>通用文件</Filter>
    </ClCompile>
    <ClCompile Include="..\..\Common\Texture2D.cpp">
      <Filter>通用文件</Filter>
    </ClCompile>
    <ClCompile Include="ShadowEffect.cpp">
      <Filter>源文件</Filter>
    </ClCompile>
    <ClCompile Include="CascadedShadowManager.cpp">
      <Filter>源文件</Filter>
    </ClCompile>
  </ItemGroup>
  <ItemGroup>
    <ClInclude Include="GameApp.h">
      <Filter>头文件</Filter>
    </ClInclude>
    <ClInclude Include="Effects.h">
      <Filter>头文件</Filter>
    </ClInclude>
    <ClInclude Include="Shaders\ConstantBuffers.hlsl">
      <Filter>着色器</Filter>
    </ClInclude>
    <ClInclude Include="Shaders\FullScreenTriangle.hlsl">
      <Filter>着色器</Filter>
    </ClInclude>
    <ClInclude Include="Shaders\Rendering.hlsl">
      <Filter>着色器</Filter>
    </ClInclude>
    <ClInclude Include="Shaders\Shadow.hlsl">
      <Filter>着色器</Filter>
    </ClInclude>
    <ClInclude Include="Shaders\SkyboxToneMap.hlsl">
      <Filter>着色器</Filter>
    </ClInclude>
    <ClInclude Include="..\..\Common\TextureManager.h">
      <Filter>通用文件</Filter>
    </ClInclude>
    <ClInclude Include="..\..\Common\Transform.h">
      <Filter>通用文件</Filter>
    </ClInclude>
    <ClInclude Include="..\..\Common\Vertex.h">
      <Filter>通用文件</Filter>
    </ClInclude>
    <ClInclude Include="..\..\Common\WICTextureLoader.h">
      <Filter>通用文件</Filter>
    </ClInclude>
    <ClInclude Include="..\..\Common\WinMin.h">
      <Filter>通用文件</Filter>
    </ClInclude>
    <ClInclude Include="..\..\Common\Buffer.h">
      <Filter>通用文件</Filter>
    </ClInclude>
    <ClInclude Include="..\..\Common\Camera.h">
      <Filter>通用文件</Filter>
    </ClInclude>
    <ClInclude Include="..\..\Common\CameraController.h">
      <Filter>通用文件</Filter>
    </ClInclude>
    <ClInclude Include="..\..\Common\Collision.h">
      <Filter>通用文件</Filter>
    </ClInclude>
    <ClInclude Include="..\..\Common\d3dApp.h">
      <Filter>通用文件</Filter>
    </ClInclude>
    <ClInclude Include="..\..\Common\DDSTextureLoader.h">
      <Filter>通用文件</Filter>
    </ClInclude>
    <ClInclude Include="..\..\Common\DXTrace.h">
      <Filter>通用文件</Filter>
    </ClInclude>
    <ClInclude Include="..\..\Common\EffectHelper.h">
      <Filter>通用文件</Filter>
    </ClInclude>
    <ClInclude Include="..\..\Common\GameObject.h">
      <Filter>通用文件</Filter>
    </ClInclude>
    <ClInclude Include="..\..\Common\GameTimer.h">
      <Filter>通用文件</Filter>
    </ClInclude>
    <ClInclude Include="..\..\Common\Geometry.h">
      <Filter>通用文件</Filter>
    </ClInclude>
    <ClInclude Include="..\..\Common\IEffect.h">
      <Filter>通用文件</Filter>
    </ClInclude>
    <ClInclude Include="..\..\Common\Material.h">
      <Filter>通用文件</Filter>
    </ClInclude>
    <ClInclude Include="..\..\Common\MeshData.h">
      <Filter>通用文件</Filter>
    </ClInclude>
    <ClInclude Include="..\..\Common\Property.h">
      <Filter>通用文件</Filter>
    </ClInclude>
    <ClInclude Include="..\..\Common\RenderStates.h">
      <Filter>通用文件</Filter>
    </ClInclude>
    <ClInclude Include="..\..\Common\ScreenGrab.h">
      <Filter>通用文件</Filter>
    </ClInclude>
    <ClInclude Include="..\..\Common\stb_image.h">
      <Filter>通用文件</Filter>
    </ClInclude>
    <ClInclude Include="..\..\Common\Texture2D.h">
      <Filter>通用文件</Filter>
    </ClInclude>
    <ClInclude Include="..\..\Common\XUtil.h">
      <Filter>通用文件</Filter>
    </ClInclude>
    <ClInclude Include="CascadedShadowManager.h">
      <Filter>头文件</Filter>
    </ClInclude>
    <ClInclude Include="Shaders\CascadedShadow.hlsl">
      <Filter>着色器</Filter>
    </ClInclude>
  </ItemGroup>
</Project>