<?xml version="1.0" encoding="utf-8"?>
<Project ToolsVersion="4.0" xmlns="http://schemas.microsoft.com/developer/msbuild/2003">
  <ItemGroup>
    <Filter Include="源文件">
      <UniqueIdentifier>{4FC737F1-C7A5-4376-A066-2A32D752A2FF}</UniqueIdentifier>
      <Extensions>cpp;c;cc;cxx;c++;def;odl;idl;hpj;bat;asm;asmx</Extensions>
    </Filter>
    <Filter Include="头文件">
      <UniqueIdentifier>{93995380-89BD-4b04-88EB-625FBE52EBFB}</UniqueIdentifier>
      <Extensions>h;hh;hpp;hxx;h++;hm;inl;inc;ipp;xsd</Extensions>
    </Filter>
    <Filter Include="资源文件">
      <UniqueIdentifier>{67DA6AB6-F800-4c08-8B7A-83BB121AAD01}</UniqueIdentifier>
      <Extensions>rc;ico;cur;bmp;dlg;rc2;rct;bin;rgs;gif;jpg;jpeg;jpe;resx;tiff;tif;png;wav;mfcribbon-ms</Extensions>
    </Filter>
    <Filter Include="通用文件">
      <UniqueIdentifier>{2ec97adc-330b-43cb-a8b8-2e29a9454e2a}</UniqueIdentifier>
    </Filter>
    <Filter Include="着色器">
      <UniqueIdentifier>{6bb53140-04d2-4574-ad3c-793375929a25}</UniqueIdentifier>
    </Filter>
    <Filter Include="特效文件">
      <UniqueIdentifier>{e522ed85-ccd0-4e28-a1f0-0d01438fa60f}</UniqueIdentifier>
    </Filter>
    <Filter Include="着色器\BasicEffect">
      <UniqueIdentifier>{2ff192af-2193-4945-831a-50bb47e9830f}</UniqueIdentifier>
    </Filter>
    <Filter Include="着色器\FireEffect">
      <UniqueIdentifier>{7f8a4de3-5c37-4478-b8ed-f70cc00789b0}</UniqueIdentifier>
    </Filter>
    <Filter Include="着色器\RainEffect">
      <UniqueIdentifier>{dfca2cf9-8669-4640-8e04-2e9e6fb423d4}</UniqueIdentifier>
    </Filter>
    <Filter Include="着色器\SkyEffect">
      <UniqueIdentifier>{29da9082-88a1-42ef-9d05-b45d2a9f104e}</UniqueIdentifier>
    </Filter>
    <Filter Include="ImGui">
      <UniqueIdentifier>{71e8223f-7529-438e-89a8-4292cd8bdd5c}</UniqueIdentifier>
    </Filter>
  </ItemGroup>
  <ItemGroup>
    <ClCompile Include="GameObject.cpp">
      <Filter>源文件</Filter>
    </ClCompile>
    <ClCompile Include="GameTimer.cpp">
      <Filter>源文件</Filter>
    </ClCompile>
    <ClCompile Include="Main.cpp">
      <Filter>源文件</Filter>
    </ClCompile>
    <ClCompile Include="Model.cpp">
      <Filter>源文件</Filter>
    </ClCompile>
    <ClCompile Include="ObjReader.cpp">
      <Filter>源文件</Filter>
    </ClCompile>
    <ClCompile Include="RenderStates.cpp">
      <Filter>源文件</Filter>
    </ClCompile>
    <ClCompile Include="Transform.cpp">
      <Filter>源文件</Filter>
    </ClCompile>
    <ClCompile Include="Vertex.cpp">
      <Filter>源文件</Filter>
    </ClCompile>
    <ClCompile Include="Camera.cpp">
      <Filter>源文件</Filter>
    </ClCompile>
    <ClCompile Include="Collision.cpp">
      <Filter>源文件</Filter>
    </ClCompile>
    <ClCompile Include="d3dApp.cpp">
      <Filter>源文件</Filter>
    </ClCompile>
    <ClCompile Include="d3dUtil.cpp">
      <Filter>源文件</Filter>
    </ClCompile>
    <ClCompile Include="DXTrace.cpp">
      <Filter>源文件</Filter>
    </ClCompile>
    <ClCompile Include="GameApp.cpp">
      <Filter>源文件</Filter>
    </ClCompile>
    <ClCompile Include="DDSTextureLoader.cpp">
      <Filter>通用文件</Filter>
    </ClCompile>
    <ClCompile Include="ScreenGrab.cpp">
      <Filter>通用文件</Filter>
    </ClCompile>
    <ClCompile Include="WICTextureLoader.cpp">
      <Filter>通用文件</Filter>
    </ClCompile>
    <ClCompile Include="Mouse.cpp">
      <Filter>通用文件</Filter>
    </ClCompile>
    <ClCompile Include="Keyboard.cpp">
      <Filter>通用文件</Filter>
    </ClCompile>
    <ClCompile Include="EffectHelper.cpp">
      <Filter>特效文件</Filter>
    </ClCompile>
    <ClCompile Include="BasicEffect.cpp">
      <Filter>特效文件</Filter>
    </ClCompile>
    <ClCompile Include="ParticleRender.cpp">
      <Filter>特效文件</Filter>
    </ClCompile>
    <ClCompile Include="ParticleEffect.cpp">
      <Filter>特效文件</Filter>
    </ClCompile>
    <ClCompile Include="SkyRender.cpp">
      <Filter>特效文件</Filter>
    </ClCompile>
    <ClCompile Include="SkyEffect.cpp">
      <Filter>特效文件</Filter>
    </ClCompile>
    <ClCompile Include="..\..\ImGui\imgui.cpp">
      <Filter>ImGui</Filter>
    </ClCompile>
    <ClCompile Include="..\..\ImGui\imgui_demo.cpp">
      <Filter>ImGui</Filter>
    </ClCompile>
    <ClCompile Include="..\..\ImGui\imgui_draw.cpp">
      <Filter>ImGui</Filter>
    </ClCompile>
    <ClCompile Include="..\..\ImGui\imgui_impl_dx11.cpp">
      <Filter>ImGui</Filter>
    </ClCompile>
    <ClCompile Include="..\..\ImGui\imgui_impl_win32.cpp">
      <Filter>ImGui</Filter>
    </ClCompile>
    <ClCompile Include="..\..\ImGui\imgui_tables.cpp">
      <Filter>ImGui</Filter>
    </ClCompile>
    <ClCompile Include="..\..\ImGui\imgui_widgets.cpp">
      <Filter>ImGui</Filter>
    </ClCompile>
  </ItemGroup>
  <ItemGroup>
    <ClInclude Include="GameObject.h">
      <Filter>头文件</Filter>
    </ClInclude>
    <ClInclude Include="GameTimer.h">
      <Filter>头文件</Filter>
    </ClInclude>
    <ClInclude Include="Geometry.h">
      <Filter>头文件</Filter>
    </ClInclude>
    <ClInclude Include="LightHelper.h">
      <Filter>头文件</Filter>
    </ClInclude>
    <ClInclude Include="Model.h">
      <Filter>头文件</Filter>
    </ClInclude>
    <ClInclude Include="ObjReader.h">
      <Filter>头文件</Filter>
    </ClInclude>
    <ClInclude Include="RenderStates.h">
      <Filter>头文件</Filter>
    </ClInclude>
    <ClInclude Include="Transform.h">
      <Filter>头文件</Filter>
    </ClInclude>
    <ClInclude Include="Vertex.h">
      <Filter>头文件</Filter>
    </ClInclude>
    <ClInclude Include="Camera.h">
      <Filter>头文件</Filter>
    </ClInclude>
    <ClInclude Include="Collision.h">
      <Filter>头文件</Filter>
    </ClInclude>
    <ClInclude Include="d3dApp.h">
      <Filter>头文件</Filter>
    </ClInclude>
    <ClInclude Include="d3dUtil.h">
      <Filter>头文件</Filter>
    </ClInclude>
    <ClInclude Include="DXTrace.h">
      <Filter>头文件</Filter>
    </ClInclude>
    <ClInclude Include="GameApp.h">
      <Filter>头文件</Filter>
    </ClInclude>
    <ClInclude Include="Keyboard.h">
      <Filter>通用文件</Filter>
    </ClInclude>
    <ClInclude Include="Mouse.h">
      <Filter>通用文件</Filter>
    </ClInclude>
    <ClInclude Include="WICTextureLoader.h">
      <Filter>通用文件</Filter>
    </ClInclude>
    <ClInclude Include="DDSTextureLoader.h">
      <Filter>通用文件</Filter>
    </ClInclude>
    <ClInclude Include="ScreenGrab.h">
      <Filter>通用文件</Filter>
    </ClInclude>
    <ClInclude Include="Effects.h">
      <Filter>特效文件</Filter>
    </ClInclude>
    <ClInclude Include="EffectHelper.h">
      <Filter>特效文件</Filter>
    </ClInclude>
    <ClInclude Include="ParticleRender.h">
      <Filter>特效文件</Filter>
    </ClInclude>
    <ClInclude Include="SkyRender.h">
      <Filter>特效文件</Filter>
    </ClInclude>
    <ClInclude Include="..\..\ImGui\imstb_textedit.h">
      <Filter>ImGui</Filter>
    </ClInclude>
    <ClInclude Include="..\..\ImGui\imstb_truetype.h">
      <Filter>ImGui</Filter>
    </ClInclude>
    <ClInclude Include="..\..\ImGui\imconfig.h">
      <Filter>ImGui</Filter>
    </ClInclude>
    <ClInclude Include="..\..\ImGui\imgui.h">
      <Filter>ImGui</Filter>
    </ClInclude>
    <ClInclude Include="..\..\ImGui\imgui_impl_dx11.h">
      <Filter>ImGui</Filter>
    </ClInclude>
    <ClInclude Include="..\..\ImGui\imgui_impl_win32.h">
      <Filter>ImGui</Filter>
    </ClInclude>
    <ClInclude Include="..\..\ImGui\imgui_internal.h">
      <Filter>ImGui</Filter>
    </ClInclude>
    <ClInclude Include="..\..\ImGui\imstb_rectpack.h">
      <Filter>ImGui</Filter>
    </ClInclude>
  </ItemGroup>
  <ItemGroup>
    <FxCompile Include="HLSL\BasicObject_VS.hlsl">
      <Filter>着色器\BasicEffect</Filter>
    </FxCompile>
    <FxCompile Include="HLSL\DisplacementMap_DS.hlsl">
      <Filter>着色器\BasicEffect</Filter>
    </FxCompile>
    <FxCompile Include="HLSL\DisplacementMap_HS.hlsl">
      <Filter>着色器\BasicEffect</Filter>
    </FxCompile>
    <FxCompile Include="HLSL\DisplacementMapInstance_VS.hlsl">
      <Filter>着色器\BasicEffect</Filter>
    </FxCompile>
    <FxCompile Include="HLSL\DisplacementMapObject_VS.hlsl">
      <Filter>着色器\BasicEffect</Filter>
    </FxCompile>
    <FxCompile Include="HLSL\NormalMap_PS.hlsl">
      <Filter>着色器\BasicEffect</Filter>
    </FxCompile>
    <FxCompile Include="HLSL\NormalMapInstance_VS.hlsl">
      <Filter>着色器\BasicEffect</Filter>
    </FxCompile>
    <FxCompile Include="HLSL\NormalMapObject_VS.hlsl">
      <Filter>着色器\BasicEffect</Filter>
    </FxCompile>
    <FxCompile Include="HLSL\Basic_PS.hlsl">
      <Filter>着色器\BasicEffect</Filter>
    </FxCompile>
    <FxCompile Include="HLSL\BasicInstance_VS.hlsl">
      <Filter>着色器\BasicEffect</Filter>
    </FxCompile>
    <FxCompile Include="HLSL\Fire_SO_VS.hlsl">
      <Filter>着色器\FireEffect</Filter>
    </FxCompile>
    <FxCompile Include="HLSL\Fire_SO_GS.hlsl">
      <Filter>着色器\FireEffect</Filter>
    </FxCompile>
    <FxCompile Include="HLSL\Fire_VS.hlsl">
      <Filter>着色器\FireEffect</Filter>
    </FxCompile>
    <FxCompile Include="HLSL\Fire_GS.hlsl">
      <Filter>着色器\FireEffect</Filter>
    </FxCompile>
    <FxCompile Include="HLSL\Fire_PS.hlsl">
      <Filter>着色器\FireEffect</Filter>
    </FxCompile>
    <FxCompile Include="HLSL\Rain_GS.hlsl">
      <Filter>着色器\RainEffect</Filter>
    </FxCompile>
    <FxCompile Include="HLSL\Rain_PS.hlsl">
      <Filter>着色器\RainEffect</Filter>
    </FxCompile>
    <FxCompile Include="HLSL\Rain_SO_GS.hlsl">
      <Filter>着色器\RainEffect</Filter>
    </FxCompile>
    <FxCompile Include="HLSL\Rain_SO_VS.hlsl">
      <Filter>着色器\RainEffect</Filter>
    </FxCompile>
    <FxCompile Include="HLSL\Rain_VS.hlsl">
      <Filter>着色器\RainEffect</Filter>
    </FxCompile>
    <FxCompile Include="HLSL\Sky_VS.hlsl">
      <Filter>着色器\SkyEffect</Filter>
    </FxCompile>
    <FxCompile Include="HLSL\Sky_PS.hlsl">
      <Filter>着色器\SkyEffect</Filter>
    </FxCompile>
  </ItemGroup>
  <ItemGroup>
    <None Include="HLSL\LightHelper.hlsli">
      <Filter>着色器\BasicEffect</Filter>
    </None>
    <None Include="HLSL\Basic.hlsli">
      <Filter>着色器\BasicEffect</Filter>
    </None>
    <None Include="HLSL\Fire.hlsli">
      <Filter>着色器\FireEffect</Filter>
    </None>
    <None Include="HLSL\Rain.hlsli">
      <Filter>着色器\RainEffect</Filter>
    </None>
    <None Include="HLSL\Sky.hlsli">
      <Filter>着色器\SkyEffect</Filter>
    </None>
  </ItemGroup>
</Project>